
Microsoft Visual Studio Solution File, Format Version 12.00
# Visual Studio Version 17
VisualStudioVersion = 17.5.002.0
MinimumVisualStudioVersion = 10.0.40219.1
Project("{9A19103F-16F7-4668-BE54-9A1E7A4F7556}") = "opentelemetry-demo", "opentelemetry-demo.csproj", "{8473DC8B-F50B-4752-B5F6-1CCC858B2FC9}"
EndProject
Global
	GlobalSection(SolutionConfigurationPlatforms) = preSolution
		Debug|Any CPU = Debug|Any CPU
		Release|Any CPU = Release|Any CPU
	EndGlobalSection
	GlobalSection(ProjectConfigurationPlatforms) = postSolution
		{8473DC8B-F50B-4752-B5F6-1CCC858B2FC9}.Debug|Any CPU.ActiveCfg = Debug|Any CPU
		{8473DC8B-F50B-4752-B5F6-1CCC858B2FC9}.Debug|Any CPU.Build.0 = Debug|Any CPU
		{8473DC8B-F50B-4752-B5F6-1CCC858B2FC9}.Release|Any CPU.ActiveCfg = Release|Any CPU
		{8473DC8B-F50B-4752-B5F6-1CCC858B2FC9}.Release|Any CPU.Build.0 = Release|Any CPU
	EndGlobalSection
	GlobalSection(SolutionProperties) = preSolution
		HideSolutionNode = FALSE
	EndGlobalSection
	GlobalSection(ExtensibilityGlobals) = postSolution
		SolutionGuid = {6D342E4E-C831-4E0B-A673-0CDC472C2FE8}
	EndGlobalSection
EndGlobal
